
Microsoft Visual Studio Solution File, Format Version 12.00
# Visual Studio 2012
Project("{FAE04EC0-301F-11D3-BF4B-00C04F79EFBC}") = "Xamarin.OnePassword", "Xamarin.OnePassword\Xamarin.OnePassword.csproj", "{3E985B36-D1B2-4F06-88E6-54428B82AA1D}"
EndProject
Global
	GlobalSection(SolutionConfigurationPlatforms) = preSolution
		Debug|Any CPU = Debug|Any CPU
		Release|Any CPU = Release|Any CPU
	EndGlobalSection
	GlobalSection(ProjectConfigurationPlatforms) = postSolution
		{3E985B36-D1B2-4F06-88E6-54428B82AA1D}.Debug|Any CPU.ActiveCfg = Debug|Any CPU
		{3E985B36-D1B2-4F06-88E6-54428B82AA1D}.Debug|Any CPU.Build.0 = Debug|Any CPU
		{3E985B36-D1B2-4F06-88E6-54428B82AA1D}.Release|Any CPU.ActiveCfg = Release|Any CPU
		{3E985B36-D1B2-4F06-88E6-54428B82AA1D}.Release|Any CPU.Build.0 = Release|Any CPU
	EndGlobalSection
EndGlobal
